
Microsoft Visual Studio Solution File, Format Version 12.00
# Visual Studio Version 16
VisualStudioVersion = 16.0.30114.105
MinimumVisualStudioVersion = 10.0.40219.1
Project("{FAE04EC0-301F-11D3-BF4B-00C04F79EFBC}") = "API", "API\API.csproj", "{2F1E0D78-0FDF-46DA-B242-74F82B2BB73F}"
EndProject
Project("{FAE04EC0-301F-11D3-BF4B-00C04F79EFBC}") = "Core", "Core\Core.csproj", "{02714900-2A04-4916-B177-A1D8E98FD49A}"
EndProject
Project("{FAE04EC0-301F-11D3-BF4B-00C04F79EFBC}") = "Infrastructure", "Infrastructure\Infrastructure.csproj", "{84DB93F7-A380-4577-BE3D-2A28BC8BBE50}"
EndProject
Global
	GlobalSection(SolutionConfigurationPlatforms) = preSolution
		Debug|Any CPU = Debug|Any CPU
		Release|Any CPU = Release|Any CPU
	EndGlobalSection
	GlobalSection(SolutionProperties) = preSolution
		HideSolutionNode = FALSE
	EndGlobalSection
	GlobalSection(ProjectConfigurationPlatforms) = postSolution
		{2F1E0D78-0FDF-46DA-B242-74F82B2BB73F}.Debug|Any CPU.ActiveCfg = Debug|Any CPU
		{2F1E0D78-0FDF-46DA-B242-74F82B2BB73F}.Debug|Any CPU.Build.0 = Debug|Any CPU
		{2F1E0D78-0FDF-46DA-B242-74F82B2BB73F}.Release|Any CPU.ActiveCfg = Release|Any CPU
		{2F1E0D78-0FDF-46DA-B242-74F82B2BB73F}.Release|Any CPU.Build.0 = Release|Any CPU
		{02714900-2A04-4916-B177-A1D8E98FD49A}.Debug|Any CPU.ActiveCfg = Debug|Any CPU
		{02714900-2A04-4916-B177-A1D8E98FD49A}.Debug|Any CPU.Build.0 = Debug|Any CPU
		{02714900-2A04-4916-B177-A1D8E98FD49A}.Release|Any CPU.ActiveCfg = Release|Any CPU
		{02714900-2A04-4916-B177-A1D8E98FD49A}.Release|Any CPU.Build.0 = Release|Any CPU
		{84DB93F7-A380-4577-BE3D-2A28BC8BBE50}.Debug|Any CPU.ActiveCfg = Debug|Any CPU
		{84DB93F7-A380-4577-BE3D-2A28BC8BBE50}.Debug|Any CPU.Build.0 = Debug|Any CPU
		{84DB93F7-A380-4577-BE3D-2A28BC8BBE50}.Release|Any CPU.ActiveCfg = Release|Any CPU
		{84DB93F7-A380-4577-BE3D-2A28BC8BBE50}.Release|Any CPU.Build.0 = Release|Any CPU
	EndGlobalSection
EndGlobal
